// !$*UTF8*$!
{
	archiveVersion = 1;
	classes = {
	};
	objectVersion = 46;
	objects = {

/* Begin PBXBuildFile section */
		59279B992980760E6151BC0E /* Pods_Teamwork.framework in Frameworks */ = {isa = PBXBuildFile; fileRef = B884316709D6683457144798 /* Pods_Teamwork.framework */; };
		A00859BE1F6A7A13005D3330 /* UIView+Border.swift in Sources */ = {isa = PBXBuildFile; fileRef = A00859BD1F6A7A13005D3330 /* UIView+Border.swift */; };
		A00859C71F6A8028005D3330 /* BoardData.swift in Sources */ = {isa = PBXBuildFile; fileRef = A00859BF1F6A8028005D3330 /* BoardData.swift */; };
		A00859C81F6A8028005D3330 /* Category.swift in Sources */ = {isa = PBXBuildFile; fileRef = A00859C01F6A8028005D3330 /* Category.swift */; };
		A00859C91F6A8028005D3330 /* Company.swift in Sources */ = {isa = PBXBuildFile; fileRef = A00859C11F6A8028005D3330 /* Company.swift */; };
		A00859CA1F6A8028005D3330 /* Default.swift in Sources */ = {isa = PBXBuildFile; fileRef = A00859C21F6A8028005D3330 /* Default.swift */; };
		A00859CB1F6A8028005D3330 /* Integration.swift in Sources */ = {isa = PBXBuildFile; fileRef = A00859C31F6A8028005D3330 /* Integration.swift */; };
		A00859CC1F6A8028005D3330 /* MicrosoftConnector.swift in Sources */ = {isa = PBXBuildFile; fileRef = A00859C41F6A8028005D3330 /* MicrosoftConnector.swift */; };
		A00859CD1F6A8028005D3330 /* OneDriveBusiness.swift in Sources */ = {isa = PBXBuildFile; fileRef = A00859C51F6A8028005D3330 /* OneDriveBusiness.swift */; };
		A00859CE1F6A8028005D3330 /* RootClass.swift in Sources */ = {isa = PBXBuildFile; fileRef = A00859C61F6A8028005D3330 /* RootClass.swift */; };
		A01476161F6A87440021C340 /* API.swift in Sources */ = {isa = PBXBuildFile; fileRef = A01476141F6A87440021C340 /* API.swift */; };
		A01476171F6A87440021C340 /* Network.swift in Sources */ = {isa = PBXBuildFile; fileRef = A01476151F6A87440021C340 /* Network.swift */; };
		A01476191F6A92F40021C340 /* AddTaskViewController.swift in Sources */ = {isa = PBXBuildFile; fileRef = A01476181F6A92F40021C340 /* AddTaskViewController.swift */; };
		A014761B1F6AA0DE0021C340 /* Tasklist.swift in Sources */ = {isa = PBXBuildFile; fileRef = A014761A1F6AA0DE0021C340 /* Tasklist.swift */; };
		A014761D1F6AA4840021C340 /* Constant.swift in Sources */ = {isa = PBXBuildFile; fileRef = A014761C1F6AA4840021C340 /* Constant.swift */; };
		A014761F1F6AA5490021C340 /* TaskViewModel.swift in Sources */ = {isa = PBXBuildFile; fileRef = A014761E1F6AA5490021C340 /* TaskViewModel.swift */; };
		A01476211F6AC46A0021C340 /* Task.swift in Sources */ = {isa = PBXBuildFile; fileRef = A01476201F6AC46A0021C340 /* Task.swift */; };
		A01476231F6AC83B0021C340 /* Tag.swift in Sources */ = {isa = PBXBuildFile; fileRef = A01476221F6AC83B0021C340 /* Tag.swift */; };
		A04948C01F6ACDD3005EF4BE /* Alamofire+Body.swift in Sources */ = {isa = PBXBuildFile; fileRef = A04948BF1F6ACDD3005EF4BE /* Alamofire+Body.swift */; };
		A04948C21F6AE8ED005EF4BE /* Global.swift in Sources */ = {isa = PBXBuildFile; fileRef = A04948C11F6AE8ED005EF4BE /* Global.swift */; };
		A0AF1BED1F69839A0077A336 /* TeamworkTests.swift in Sources */ = {isa = PBXBuildFile; fileRef = A0AF1BEC1F69839A0077A336 /* TeamworkTests.swift */; };
		A0AF1C261F698DD40077A336 /* Assets.xcassets in Resources */ = {isa = PBXBuildFile; fileRef = A0AF1C171F698DD40077A336 /* Assets.xcassets */; };
		A0AF1C271F698DD40077A336 /* AppDelegate.swift in Sources */ = {isa = PBXBuildFile; fileRef = A0AF1C191F698DD40077A336 /* AppDelegate.swift */; };
		A0AF1C281F698DD40077A336 /* MenuViewController.swift in Sources */ = {isa = PBXBuildFile; fileRef = A0AF1C1B1F698DD40077A336 /* MenuViewController.swift */; };
		A0AF1C291F698DD40077A336 /* LaunchScreen.storyboard in Resources */ = {isa = PBXBuildFile; fileRef = A0AF1C1D1F698DD40077A336 /* LaunchScreen.storyboard */; };
		A0AF1C2A1F698DD40077A336 /* Main.storyboard in Resources */ = {isa = PBXBuildFile; fileRef = A0AF1C1F1F698DD40077A336 /* Main.storyboard */; };
		A0AF1C2C1F698FE00077A336 /* sketch.png in Resources */ = {isa = PBXBuildFile; fileRef = A0AF1C2B1F698FE00077A336 /* sketch.png */; };
		A0AF1C2E1F6990A60077A336 /* SSASideMenu.swift in Sources */ = {isa = PBXBuildFile; fileRef = A0AF1C2D1F6990A60077A336 /* SSASideMenu.swift */; };
		A0AF1C301F6994410077A336 /* UIViewController+MenuButton.swift in Sources */ = {isa = PBXBuildFile; fileRef = A0AF1C2F1F6994410077A336 /* UIViewController+MenuButton.swift */; };
		A0AF1C321F6994AD0077A336 /* ProjectViewController.swift in Sources */ = {isa = PBXBuildFile; fileRef = A0AF1C311F6994AD0077A336 /* ProjectViewController.swift */; };
		A0AF1C341F699CE00077A336 /* MenuViewModel.swift in Sources */ = {isa = PBXBuildFile; fileRef = A0AF1C331F699CE00077A336 /* MenuViewModel.swift */; };
		A0AF1C371F699D1F0077A336 /* MenuCell.swift in Sources */ = {isa = PBXBuildFile; fileRef = A0AF1C361F699D1F0077A336 /* MenuCell.swift */; };
		A0AF1C3B1F69A0310077A336 /* TaskViewController.swift in Sources */ = {isa = PBXBuildFile; fileRef = A0AF1C3A1F69A0310077A336 /* TaskViewController.swift */; };
		A0AF1C3D1F69A8DB0077A336 /* ProjectCell.swift in Sources */ = {isa = PBXBuildFile; fileRef = A0AF1C3C1F69A8DB0077A336 /* ProjectCell.swift */; };
		A0AF1C3F1F69A93A0077A336 /* ProjectViewModel.swift in Sources */ = {isa = PBXBuildFile; fileRef = A0AF1C3E1F69A93A0077A336 /* ProjectViewModel.swift */; };
		A0AF1C411F69A99C0077A336 /* Project.swift in Sources */ = {isa = PBXBuildFile; fileRef = A0AF1C401F69A99C0077A336 /* Project.swift */; };
		FD28AB1943F5E4BD0EE22A5D /* Pods_TeamworkTests.framework in Frameworks */ = {isa = PBXBuildFile; fileRef = 10FAAD19FB8F5A7422B76366 /* Pods_TeamworkTests.framework */; };
/* End PBXBuildFile section */

/* Begin PBXContainerItemProxy section */
		A0AF1BE91F69839A0077A336 /* PBXContainerItemProxy */ = {
			isa = PBXContainerItemProxy;
			containerPortal = A0AF1BCC1F69839A0077A336 /* Project object */;
			proxyType = 1;
			remoteGlobalIDString = A0AF1BD31F69839A0077A336;
			remoteInfo = Teamwork;
		};
/* End PBXContainerItemProxy section */

/* Begin PBXFileReference section */
		05C69BBB5545E92CCE5AD0BF /* Pods-TeamworkTests.debug.xcconfig */ = {isa = PBXFileReference; includeInIndex = 1; lastKnownFileType = text.xcconfig; name = "Pods-TeamworkTests.debug.xcconfig"; path = "Pods/Target Support Files/Pods-TeamworkTests/Pods-TeamworkTests.debug.xcconfig"; sourceTree = "<group>"; };
		10FAAD19FB8F5A7422B76366 /* Pods_TeamworkTests.framework */ = {isa = PBXFileReference; explicitFileType = wrapper.framework; includeInIndex = 0; path = Pods_TeamworkTests.framework; sourceTree = BUILT_PRODUCTS_DIR; };
		96E4702E4A1663632327E573 /* Pods-Teamwork.debug.xcconfig */ = {isa = PBXFileReference; includeInIndex = 1; lastKnownFileType = text.xcconfig; name = "Pods-Teamwork.debug.xcconfig"; path = "Pods/Target Support Files/Pods-Teamwork/Pods-Teamwork.debug.xcconfig"; sourceTree = "<group>"; };
		A00859BD1F6A7A13005D3330 /* UIView+Border.swift */ = {isa = PBXFileReference; fileEncoding = 4; lastKnownFileType = sourcecode.swift; path = "UIView+Border.swift"; sourceTree = "<group>"; };
		A00859BF1F6A8028005D3330 /* BoardData.swift */ = {isa = PBXFileReference; fileEncoding = 4; lastKnownFileType = sourcecode.swift; path = BoardData.swift; sourceTree = "<group>"; };
		A00859C01F6A8028005D3330 /* Category.swift */ = {isa = PBXFileReference; fileEncoding = 4; lastKnownFileType = sourcecode.swift; path = Category.swift; sourceTree = "<group>"; };
		A00859C11F6A8028005D3330 /* Company.swift */ = {isa = PBXFileReference; fileEncoding = 4; lastKnownFileType = sourcecode.swift; path = Company.swift; sourceTree = "<group>"; };
		A00859C21F6A8028005D3330 /* Default.swift */ = {isa = PBXFileReference; fileEncoding = 4; lastKnownFileType = sourcecode.swift; path = Default.swift; sourceTree = "<group>"; };
		A00859C31F6A8028005D3330 /* Integration.swift */ = {isa = PBXFileReference; fileEncoding = 4; lastKnownFileType = sourcecode.swift; path = Integration.swift; sourceTree = "<group>"; };
		A00859C41F6A8028005D3330 /* MicrosoftConnector.swift */ = {isa = PBXFileReference; fileEncoding = 4; lastKnownFileType = sourcecode.swift; path = MicrosoftConnector.swift; sourceTree = "<group>"; };
		A00859C51F6A8028005D3330 /* OneDriveBusiness.swift */ = {isa = PBXFileReference; fileEncoding = 4; lastKnownFileType = sourcecode.swift; path = OneDriveBusiness.swift; sourceTree = "<group>"; };
		A00859C61F6A8028005D3330 /* RootClass.swift */ = {isa = PBXFileReference; fileEncoding = 4; lastKnownFileType = sourcecode.swift; path = RootClass.swift; sourceTree = "<group>"; };
		A01476141F6A87440021C340 /* API.swift */ = {isa = PBXFileReference; fileEncoding = 4; lastKnownFileType = sourcecode.swift; path = API.swift; sourceTree = "<group>"; };
		A01476151F6A87440021C340 /* Network.swift */ = {isa = PBXFileReference; fileEncoding = 4; lastKnownFileType = sourcecode.swift; path = Network.swift; sourceTree = "<group>"; };
		A01476181F6A92F40021C340 /* AddTaskViewController.swift */ = {isa = PBXFileReference; fileEncoding = 4; lastKnownFileType = sourcecode.swift; path = AddTaskViewController.swift; sourceTree = "<group>"; };
		A014761A1F6AA0DE0021C340 /* Tasklist.swift */ = {isa = PBXFileReference; fileEncoding = 4; lastKnownFileType = sourcecode.swift; path = Tasklist.swift; sourceTree = "<group>"; };
		A014761C1F6AA4840021C340 /* Constant.swift */ = {isa = PBXFileReference; fileEncoding = 4; lastKnownFileType = sourcecode.swift; path = Constant.swift; sourceTree = "<group>"; };
		A014761E1F6AA5490021C340 /* TaskViewModel.swift */ = {isa = PBXFileReference; fileEncoding = 4; lastKnownFileType = sourcecode.swift; path = TaskViewModel.swift; sourceTree = "<group>"; };
		A01476201F6AC46A0021C340 /* Task.swift */ = {isa = PBXFileReference; fileEncoding = 4; lastKnownFileType = sourcecode.swift; path = Task.swift; sourceTree = "<group>"; };
		A01476221F6AC83B0021C340 /* Tag.swift */ = {isa = PBXFileReference; fileEncoding = 4; lastKnownFileType = sourcecode.swift; path = Tag.swift; sourceTree = "<group>"; };
		A04948BF1F6ACDD3005EF4BE /* Alamofire+Body.swift */ = {isa = PBXFileReference; fileEncoding = 4; lastKnownFileType = sourcecode.swift; path = "Alamofire+Body.swift"; sourceTree = "<group>"; };
		A04948C11F6AE8ED005EF4BE /* Global.swift */ = {isa = PBXFileReference; fileEncoding = 4; lastKnownFileType = sourcecode.swift; path = Global.swift; sourceTree = "<group>"; };
		A0AF1BD41F69839A0077A336 /* Teamwork.app */ = {isa = PBXFileReference; explicitFileType = wrapper.application; includeInIndex = 0; path = Teamwork.app; sourceTree = BUILT_PRODUCTS_DIR; };
		A0AF1BE31F69839A0077A336 /* Info.plist */ = {isa = PBXFileReference; lastKnownFileType = text.plist.xml; path = Info.plist; sourceTree = "<group>"; };
		A0AF1BE81F69839A0077A336 /* TeamworkTests.xctest */ = {isa = PBXFileReference; explicitFileType = wrapper.cfbundle; includeInIndex = 0; path = TeamworkTests.xctest; sourceTree = BUILT_PRODUCTS_DIR; };
		A0AF1BEC1F69839A0077A336 /* TeamworkTests.swift */ = {isa = PBXFileReference; lastKnownFileType = sourcecode.swift; path = TeamworkTests.swift; sourceTree = "<group>"; };
		A0AF1BEE1F69839A0077A336 /* Info.plist */ = {isa = PBXFileReference; lastKnownFileType = text.plist.xml; path = Info.plist; sourceTree = "<group>"; };
		A0AF1C171F698DD40077A336 /* Assets.xcassets */ = {isa = PBXFileReference; lastKnownFileType = folder.assetcatalog; path = Assets.xcassets; sourceTree = "<group>"; };
		A0AF1C191F698DD40077A336 /* AppDelegate.swift */ = {isa = PBXFileReference; fileEncoding = 4; lastKnownFileType = sourcecode.swift; path = AppDelegate.swift; sourceTree = "<group>"; };
		A0AF1C1B1F698DD40077A336 /* MenuViewController.swift */ = {isa = PBXFileReference; fileEncoding = 4; lastKnownFileType = sourcecode.swift; path = MenuViewController.swift; sourceTree = "<group>"; };
		A0AF1C1E1F698DD40077A336 /* Base */ = {isa = PBXFileReference; lastKnownFileType = file.storyboard; name = Base; path = Base.lproj/LaunchScreen.storyboard; sourceTree = "<group>"; };
		A0AF1C201F698DD40077A336 /* Base */ = {isa = PBXFileReference; lastKnownFileType = file.storyboard; name = Base; path = Base.lproj/Main.storyboard; sourceTree = "<group>"; };
		A0AF1C2B1F698FE00077A336 /* sketch.png */ = {isa = PBXFileReference; lastKnownFileType = image.png; path = sketch.png; sourceTree = "<group>"; };
		A0AF1C2D1F6990A60077A336 /* SSASideMenu.swift */ = {isa = PBXFileReference; fileEncoding = 4; lastKnownFileType = sourcecode.swift; path = SSASideMenu.swift; sourceTree = "<group>"; };
		A0AF1C2F1F6994410077A336 /* UIViewController+MenuButton.swift */ = {isa = PBXFileReference; fileEncoding = 4; lastKnownFileType = sourcecode.swift; path = "UIViewController+MenuButton.swift"; sourceTree = "<group>"; };
		A0AF1C311F6994AD0077A336 /* ProjectViewController.swift */ = {isa = PBXFileReference; fileEncoding = 4; lastKnownFileType = sourcecode.swift; path = ProjectViewController.swift; sourceTree = "<group>"; };
		A0AF1C331F699CE00077A336 /* MenuViewModel.swift */ = {isa = PBXFileReference; fileEncoding = 4; lastKnownFileType = sourcecode.swift; path = MenuViewModel.swift; sourceTree = "<group>"; };
		A0AF1C361F699D1F0077A336 /* MenuCell.swift */ = {isa = PBXFileReference; fileEncoding = 4; lastKnownFileType = sourcecode.swift; path = MenuCell.swift; sourceTree = "<group>"; };
		A0AF1C3A1F69A0310077A336 /* TaskViewController.swift */ = {isa = PBXFileReference; fileEncoding = 4; lastKnownFileType = sourcecode.swift; path = TaskViewController.swift; sourceTree = "<group>"; };
		A0AF1C3C1F69A8DB0077A336 /* ProjectCell.swift */ = {isa = PBXFileReference; fileEncoding = 4; lastKnownFileType = sourcecode.swift; path = ProjectCell.swift; sourceTree = "<group>"; };
		A0AF1C3E1F69A93A0077A336 /* ProjectViewModel.swift */ = {isa = PBXFileReference; fileEncoding = 4; lastKnownFileType = sourcecode.swift; path = ProjectViewModel.swift; sourceTree = "<group>"; };
		A0AF1C401F69A99C0077A336 /* Project.swift */ = {isa = PBXFileReference; fileEncoding = 4; lastKnownFileType = sourcecode.swift; path = Project.swift; sourceTree = "<group>"; };
		B884316709D6683457144798 /* Pods_Teamwork.framework */ = {isa = PBXFileReference; explicitFileType = wrapper.framework; includeInIndex = 0; path = Pods_Teamwork.framework; sourceTree = BUILT_PRODUCTS_DIR; };
		D13BB97B7C0FF79C60B5C9BC /* Pods-TeamworkTests.release.xcconfig */ = {isa = PBXFileReference; includeInIndex = 1; lastKnownFileType = text.xcconfig; name = "Pods-TeamworkTests.release.xcconfig"; path = "Pods/Target Support Files/Pods-TeamworkTests/Pods-TeamworkTests.release.xcconfig"; sourceTree = "<group>"; };
		E2A8BB7AB248902B4ACBFD96 /* Pods-Teamwork.release.xcconfig */ = {isa = PBXFileReference; includeInIndex = 1; lastKnownFileType = text.xcconfig; name = "Pods-Teamwork.release.xcconfig"; path = "Pods/Target Support Files/Pods-Teamwork/Pods-Teamwork.release.xcconfig"; sourceTree = "<group>"; };
/* End PBXFileReference section */

/* Begin PBXFrameworksBuildPhase section */
		A0AF1BD11F69839A0077A336 /* Frameworks */ = {
			isa = PBXFrameworksBuildPhase;
			buildActionMask = 2147483647;
			files = (
				59279B992980760E6151BC0E /* Pods_Teamwork.framework in Frameworks */,
			);
			runOnlyForDeploymentPostprocessing = 0;
		};
		A0AF1BE51F69839A0077A336 /* Frameworks */ = {
			isa = PBXFrameworksBuildPhase;
			buildActionMask = 2147483647;
			files = (
				FD28AB1943F5E4BD0EE22A5D /* Pods_TeamworkTests.framework in Frameworks */,
			);
			runOnlyForDeploymentPostprocessing = 0;
		};
/* End PBXFrameworksBuildPhase section */

/* Begin PBXGroup section */
		3B3693323E72C5F193007057 /* Frameworks */ = {
			isa = PBXGroup;
			children = (
				B884316709D6683457144798 /* Pods_Teamwork.framework */,
				10FAAD19FB8F5A7422B76366 /* Pods_TeamworkTests.framework */,
			);
			name = Frameworks;
			sourceTree = "<group>";
		};
		A0AF1BCB1F69839A0077A336 = {
			isa = PBXGroup;
			children = (
				A0AF1BD61F69839A0077A336 /* Teamwork */,
				A0AF1BEB1F69839A0077A336 /* TeamworkTests */,
				A0AF1BD51F69839A0077A336 /* Products */,
				BB7AE9BCCABEA22DF6C9B9FF /* Pods */,
				3B3693323E72C5F193007057 /* Frameworks */,
			);
			sourceTree = "<group>";
		};
		A0AF1BD51F69839A0077A336 /* Products */ = {
			isa = PBXGroup;
			children = (
				A0AF1BD41F69839A0077A336 /* Teamwork.app */,
				A0AF1BE81F69839A0077A336 /* TeamworkTests.xctest */,
			);
			name = Products;
			sourceTree = "<group>";
		};
		A0AF1BD61F69839A0077A336 /* Teamwork */ = {
			isa = PBXGroup;
			children = (
				A0AF1C181F698DD40077A336 /* Main */,
				A0AF1C1C1F698DD40077A336 /* Storyboards */,
				A0AF1C251F698DD40077A336 /* Helpers */,
				A0AF1C211F698DD40077A336 /* Extensions */,
				A0AF1C241F698DD40077A336 /* Services */,
				A0AF1C231F698DD40077A336 /* Models */,
				A0AF1C1A1F698DD40077A336 /* Views */,
				A0AF1C221F698DD40077A336 /* ViewModels */,
				A0AF1C161F698DD40077A336 /* Resources */,
				A0AF1BE31F69839A0077A336 /* Info.plist */,
			);
			path = Teamwork;
			sourceTree = "<group>";
		};
		A0AF1BEB1F69839A0077A336 /* TeamworkTests */ = {
			isa = PBXGroup;
			children = (
				A0AF1BEC1F69839A0077A336 /* TeamworkTests.swift */,
				A0AF1BEE1F69839A0077A336 /* Info.plist */,
			);
			path = TeamworkTests;
			sourceTree = "<group>";
		};
		A0AF1C161F698DD40077A336 /* Resources */ = {
			isa = PBXGroup;
			children = (
				A0AF1C2B1F698FE00077A336 /* sketch.png */,
				A0AF1C171F698DD40077A336 /* Assets.xcassets */,
			);
			path = Resources;
			sourceTree = "<group>";
		};
		A0AF1C181F698DD40077A336 /* Main */ = {
			isa = PBXGroup;
			children = (
				A0AF1C191F698DD40077A336 /* AppDelegate.swift */,
			);
			path = Main;
			sourceTree = "<group>";
		};
		A0AF1C1A1F698DD40077A336 /* Views */ = {
			isa = PBXGroup;
			children = (
				A0AF1C351F699D070077A336 /* Menu */,
				A0AF1C381F69A00A0077A336 /* Project */,
				A0AF1C391F69A0130077A336 /* Task */,
			);
			path = Views;
			sourceTree = "<group>";
		};
		A0AF1C1C1F698DD40077A336 /* Storyboards */ = {
			isa = PBXGroup;
			children = (
				A0AF1C1D1F698DD40077A336 /* LaunchScreen.storyboard */,
				A0AF1C1F1F698DD40077A336 /* Main.storyboard */,
			);
			path = Storyboards;
			sourceTree = "<group>";
		};
		A0AF1C211F698DD40077A336 /* Extensions */ = {
			isa = PBXGroup;
			children = (
				A0AF1C2F1F6994410077A336 /* UIViewController+MenuButton.swift */,
				A00859BD1F6A7A13005D3330 /* UIView+Border.swift */,
				A04948BF1F6ACDD3005EF4BE /* Alamofire+Body.swift */,
			);
			path = Extensions;
			sourceTree = "<group>";
		};
		A0AF1C221F698DD40077A336 /* ViewModels */ = {
			isa = PBXGroup;
			children = (
				A0AF1C331F699CE00077A336 /* MenuViewModel.swift */,
				A0AF1C3E1F69A93A0077A336 /* ProjectViewModel.swift */,
				A014761E1F6AA5490021C340 /* TaskViewModel.swift */,
			);
			path = ViewModels;
			sourceTree = "<group>";
		};
		A0AF1C231F698DD40077A336 /* Models */ = {
			isa = PBXGroup;
			children = (
				A014761A1F6AA0DE0021C340 /* Tasklist.swift */,
				A0AF1C401F69A99C0077A336 /* Project.swift */,
				A00859BF1F6A8028005D3330 /* BoardData.swift */,
				A00859C01F6A8028005D3330 /* Category.swift */,
				A00859C11F6A8028005D3330 /* Company.swift */,
				A00859C21F6A8028005D3330 /* Default.swift */,
				A00859C31F6A8028005D3330 /* Integration.swift */,
				A00859C41F6A8028005D3330 /* MicrosoftConnector.swift */,
				A00859C51F6A8028005D3330 /* OneDriveBusiness.swift */,
				A00859C61F6A8028005D3330 /* RootClass.swift */,
				A01476201F6AC46A0021C340 /* Task.swift */,
				A01476221F6AC83B0021C340 /* Tag.swift */,
			);
			path = Models;
			sourceTree = "<group>";
		};
		A0AF1C241F698DD40077A336 /* Services */ = {
			isa = PBXGroup;
			children = (
				A01476141F6A87440021C340 /* API.swift */,
				A01476151F6A87440021C340 /* Network.swift */,
			);
			path = Services;
			sourceTree = "<group>";
		};
		A0AF1C251F698DD40077A336 /* Helpers */ = {
			isa = PBXGroup;
			children = (
				A0AF1C2D1F6990A60077A336 /* SSASideMenu.swift */,
				A014761C1F6AA4840021C340 /* Constant.swift */,
				A04948C11F6AE8ED005EF4BE /* Global.swift */,
			);
			path = Helpers;
			sourceTree = "<group>";
		};
		A0AF1C351F699D070077A336 /* Menu */ = {
			isa = PBXGroup;
			children = (
				A0AF1C361F699D1F0077A336 /* MenuCell.swift */,
				A0AF1C1B1F698DD40077A336 /* MenuViewController.swift */,
			);
			name = Menu;
			sourceTree = "<group>";
		};
		A0AF1C381F69A00A0077A336 /* Project */ = {
			isa = PBXGroup;
			children = (
				A0AF1C3C1F69A8DB0077A336 /* ProjectCell.swift */,
				A0AF1C311F6994AD0077A336 /* ProjectViewController.swift */,
			);
			name = Project;
			sourceTree = "<group>";
		};
		A0AF1C391F69A0130077A336 /* Task */ = {
			isa = PBXGroup;
			children = (
				A0AF1C3A1F69A0310077A336 /* TaskViewController.swift */,
				A01476181F6A92F40021C340 /* AddTaskViewController.swift */,
			);
			name = Task;
			sourceTree = "<group>";
		};
		BB7AE9BCCABEA22DF6C9B9FF /* Pods */ = {
			isa = PBXGroup;
			children = (
				96E4702E4A1663632327E573 /* Pods-Teamwork.debug.xcconfig */,
				E2A8BB7AB248902B4ACBFD96 /* Pods-Teamwork.release.xcconfig */,
				05C69BBB5545E92CCE5AD0BF /* Pods-TeamworkTests.debug.xcconfig */,
				D13BB97B7C0FF79C60B5C9BC /* Pods-TeamworkTests.release.xcconfig */,
			);
			name = Pods;
			sourceTree = "<group>";
		};
/* End PBXGroup section */

/* Begin PBXNativeTarget section */
		A0AF1BD31F69839A0077A336 /* Teamwork */ = {
			isa = PBXNativeTarget;
			buildConfigurationList = A0AF1BF11F69839A0077A336 /* Build configuration list for PBXNativeTarget "Teamwork" */;
			buildPhases = (
				ED014B0A6702BB2E0E40824D /* [CP] Check Pods Manifest.lock */,
				A0AF1BD01F69839A0077A336 /* Sources */,
				A0AF1BD11F69839A0077A336 /* Frameworks */,
				A0AF1BD21F69839A0077A336 /* Resources */,
				385F49255E24A2D6016CB095 /* [CP] Embed Pods Frameworks */,
				4B2188454268B2C7132C8489 /* [CP] Copy Pods Resources */,
			);
			buildRules = (
			);
			dependencies = (
			);
			name = Teamwork;
			productName = Teamwork;
			productReference = A0AF1BD41F69839A0077A336 /* Teamwork.app */;
			productType = "com.apple.product-type.application";
		};
		A0AF1BE71F69839A0077A336 /* TeamworkTests */ = {
			isa = PBXNativeTarget;
			buildConfigurationList = A0AF1BF41F69839A0077A336 /* Build configuration list for PBXNativeTarget "TeamworkTests" */;
			buildPhases = (
				6A7DB672C0B4DFCC91E30007 /* [CP] Check Pods Manifest.lock */,
				A0AF1BE41F69839A0077A336 /* Sources */,
				A0AF1BE51F69839A0077A336 /* Frameworks */,
				A0AF1BE61F69839A0077A336 /* Resources */,
				710B2E26EFEF1BE89A1421F8 /* [CP] Embed Pods Frameworks */,
				F82BB5E6DC0DFDD8A416B393 /* [CP] Copy Pods Resources */,
			);
			buildRules = (
			);
			dependencies = (
				A0AF1BEA1F69839A0077A336 /* PBXTargetDependency */,
			);
			name = TeamworkTests;
			productName = TeamworkTests;
			productReference = A0AF1BE81F69839A0077A336 /* TeamworkTests.xctest */;
			productType = "com.apple.product-type.bundle.unit-test";
		};
/* End PBXNativeTarget section */

/* Begin PBXProject section */
		A0AF1BCC1F69839A0077A336 /* Project object */ = {
			isa = PBXProject;
			attributes = {
				LastSwiftUpdateCheck = 0830;
				LastUpgradeCheck = 0830;
				ORGANIZATIONNAME = SiriusCode;
				TargetAttributes = {
					A0AF1BD31F69839A0077A336 = {
						CreatedOnToolsVersion = 8.3.3;
						DevelopmentTeam = 6CG326ELR9;
						ProvisioningStyle = Automatic;
					};
					A0AF1BE71F69839A0077A336 = {
						CreatedOnToolsVersion = 8.3.3;
						DevelopmentTeam = 6CG326ELR9;
						ProvisioningStyle = Automatic;
						TestTargetID = A0AF1BD31F69839A0077A336;
					};
				};
			};
			buildConfigurationList = A0AF1BCF1F69839A0077A336 /* Build configuration list for PBXProject "Teamwork" */;
			compatibilityVersion = "Xcode 3.2";
			developmentRegion = English;
			hasScannedForEncodings = 0;
			knownRegions = (
				en,
				Base,
			);
			mainGroup = A0AF1BCB1F69839A0077A336;
			productRefGroup = A0AF1BD51F69839A0077A336 /* Products */;
			projectDirPath = "";
			projectRoot = "";
			targets = (
				A0AF1BD31F69839A0077A336 /* Teamwork */,
				A0AF1BE71F69839A0077A336 /* TeamworkTests */,
			);
		};
/* End PBXProject section */

/* Begin PBXResourcesBuildPhase section */
		A0AF1BD21F69839A0077A336 /* Resources */ = {
			isa = PBXResourcesBuildPhase;
			buildActionMask = 2147483647;
			files = (
				A0AF1C2A1F698DD40077A336 /* Main.storyboard in Resources */,
				A0AF1C261F698DD40077A336 /* Assets.xcassets in Resources */,
				A0AF1C291F698DD40077A336 /* LaunchScreen.storyboard in Resources */,
				A0AF1C2C1F698FE00077A336 /* sketch.png in Resources */,
			);
			runOnlyForDeploymentPostprocessing = 0;
		};
		A0AF1BE61F69839A0077A336 /* Resources */ = {
			isa = PBXResourcesBuildPhase;
			buildActionMask = 2147483647;
			files = (
			);
			runOnlyForDeploymentPostprocessing = 0;
		};
/* End PBXResourcesBuildPhase section */

/* Begin PBXShellScriptBuildPhase section */
		385F49255E24A2D6016CB095 /* [CP] Embed Pods Frameworks */ = {
			isa = PBXShellScriptBuildPhase;
			buildActionMask = 2147483647;
			files = (
			);
			inputPaths = (
				"${SRCROOT}/Pods/Target Support Files/Pods-Teamwork/Pods-Teamwork-frameworks.sh",
				"${BUILT_PRODUCTS_DIR}/Alamofire/Alamofire.framework",
				"${BUILT_PRODUCTS_DIR}/RSLoadingView/RSLoadingView.framework",
				"${BUILT_PRODUCTS_DIR}/SwipeCellKit/SwipeCellKit.framework",
			);
			name = "[CP] Embed Pods Frameworks";
			outputPaths = (
				"${TARGET_BUILD_DIR}/${FRAMEWORKS_FOLDER_PATH}/Alamofire.framework",
				"${TARGET_BUILD_DIR}/${FRAMEWORKS_FOLDER_PATH}/RSLoadingView.framework",
				"${TARGET_BUILD_DIR}/${FRAMEWORKS_FOLDER_PATH}/SwipeCellKit.framework",
			);
			runOnlyForDeploymentPostprocessing = 0;
			shellPath = /bin/sh;
			shellScript = "\"${SRCROOT}/Pods/Target Support Files/Pods-Teamwork/Pods-Teamwork-frameworks.sh\"\n";
			showEnvVarsInLog = 0;
		};
		4B2188454268B2C7132C8489 /* [CP] Copy Pods Resources */ = {
			isa = PBXShellScriptBuildPhase;
			buildActionMask = 2147483647;
			files = (
			);
			inputPaths = (
			);
			name = "[CP] Copy Pods Resources";
			outputPaths = (
			);
			runOnlyForDeploymentPostprocessing = 0;
			shellPath = /bin/sh;
			shellScript = "\"${SRCROOT}/Pods/Target Support Files/Pods-Teamwork/Pods-Teamwork-resources.sh\"\n";
			showEnvVarsInLog = 0;
		};
		6A7DB672C0B4DFCC91E30007 /* [CP] Check Pods Manifest.lock */ = {
			isa = PBXShellScriptBuildPhase;
			buildActionMask = 2147483647;
			files = (
			);
			inputPaths = (
				"${PODS_PODFILE_DIR_PATH}/Podfile.lock",
				"${PODS_ROOT}/Manifest.lock",
			);
			name = "[CP] Check Pods Manifest.lock";
			outputPaths = (
				"$(DERIVED_FILE_DIR)/Pods-TeamworkTests-checkManifestLockResult.txt",
			);
			runOnlyForDeploymentPostprocessing = 0;
			shellPath = /bin/sh;
			shellScript = "diff \"${PODS_PODFILE_DIR_PATH}/Podfile.lock\" \"${PODS_ROOT}/Manifest.lock\" > /dev/null\nif [ $? != 0 ] ; then\n    # print error to STDERR\n    echo \"error: The sandbox is not in sync with the Podfile.lock. Run 'pod install' or update your CocoaPods installation.\" >&2\n    exit 1\nfi\n# This output is used by Xcode 'outputs' to avoid re-running this script phase.\necho \"SUCCESS\" > \"${SCRIPT_OUTPUT_FILE_0}\"\n";
			showEnvVarsInLog = 0;
		};
		710B2E26EFEF1BE89A1421F8 /* [CP] Embed Pods Frameworks */ = {
			isa = PBXShellScriptBuildPhase;
			buildActionMask = 2147483647;
			files = (
			);
			inputPaths = (
			);
			name = "[CP] Embed Pods Frameworks";
			outputPaths = (
			);
			runOnlyForDeploymentPostprocessing = 0;
			shellPath = /bin/sh;
			shellScript = "\"${SRCROOT}/Pods/Target Support Files/Pods-TeamworkTests/Pods-TeamworkTests-frameworks.sh\"\n";
			showEnvVarsInLog = 0;
		};
		ED014B0A6702BB2E0E40824D /* [CP] Check Pods Manifest.lock */ = {
			isa = PBXShellScriptBuildPhase;
			buildActionMask = 2147483647;
			files = (
			);
			inputPaths = (
				"${PODS_PODFILE_DIR_PATH}/Podfile.lock",
				"${PODS_ROOT}/Manifest.lock",
			);
			name = "[CP] Check Pods Manifest.lock";
			outputPaths = (
				"$(DERIVED_FILE_DIR)/Pods-Teamwork-checkManifestLockResult.txt",
			);
			runOnlyForDeploymentPostprocessing = 0;
			shellPath = /bin/sh;
			shellScript = "diff \"${PODS_PODFILE_DIR_PATH}/Podfile.lock\" \"${PODS_ROOT}/Manifest.lock\" > /dev/null\nif [ $? != 0 ] ; then\n    # print error to STDERR\n    echo \"error: The sandbox is not in sync with the Podfile.lock. Run 'pod install' or update your CocoaPods installation.\" >&2\n    exit 1\nfi\n# This output is used by Xcode 'outputs' to avoid re-running this script phase.\necho \"SUCCESS\" > \"${SCRIPT_OUTPUT_FILE_0}\"\n";
			showEnvVarsInLog = 0;
		};
		F82BB5E6DC0DFDD8A416B393 /* [CP] Copy Pods Resources */ = {
			isa = PBXShellScriptBuildPhase;
			buildActionMask = 2147483647;
			files = (
			);
			inputPaths = (
			);
			name = "[CP] Copy Pods Resources";
			outputPaths = (
			);
			runOnlyForDeploymentPostprocessing = 0;
			shellPath = /bin/sh;
			shellScript = "\"${SRCROOT}/Pods/Target Support Files/Pods-TeamworkTests/Pods-TeamworkTests-resources.sh\"\n";
			showEnvVarsInLog = 0;
		};
/* End PBXShellScriptBuildPhase section */

/* Begin PBXSourcesBuildPhase section */
		A0AF1BD01F69839A0077A336 /* Sources */ = {
			isa = PBXSourcesBuildPhase;
			buildActionMask = 2147483647;
			files = (
				A00859CE1F6A8028005D3330 /* RootClass.swift in Sources */,
				A00859C71F6A8028005D3330 /* BoardData.swift in Sources */,
				A0AF1C371F699D1F0077A336 /* MenuCell.swift in Sources */,
				A00859BE1F6A7A13005D3330 /* UIView+Border.swift in Sources */,
				A00859CD1F6A8028005D3330 /* OneDriveBusiness.swift in Sources */,
				A00859CB1F6A8028005D3330 /* Integration.swift in Sources */,
				A0AF1C321F6994AD0077A336 /* ProjectViewController.swift in Sources */,
				A0AF1C2E1F6990A60077A336 /* SSASideMenu.swift in Sources */,
				A04948C21F6AE8ED005EF4BE /* Global.swift in Sources */,
				A014761B1F6AA0DE0021C340 /* Tasklist.swift in Sources */,
				A0AF1C281F698DD40077A336 /* MenuViewController.swift in Sources */,
				A0AF1C3F1F69A93A0077A336 /* ProjectViewModel.swift in Sources */,
				A0AF1C3D1F69A8DB0077A336 /* ProjectCell.swift in Sources */,
				A00859C91F6A8028005D3330 /* Company.swift in Sources */,
				A0AF1C341F699CE00077A336 /* MenuViewModel.swift in Sources */,
				A01476161F6A87440021C340 /* API.swift in Sources */,
				A0AF1C411F69A99C0077A336 /* Project.swift in Sources */,
				A04948C01F6ACDD3005EF4BE /* Alamofire+Body.swift in Sources */,
				A00859CC1F6A8028005D3330 /* MicrosoftConnector.swift in Sources */,
				A01476171F6A87440021C340 /* Network.swift in Sources */,
				A014761D1F6AA4840021C340 /* Constant.swift in Sources */,
				A014761F1F6AA5490021C340 /* TaskViewModel.swift in Sources */,
				A01476191F6A92F40021C340 /* AddTaskViewController.swift in Sources */,
				A0AF1C3B1F69A0310077A336 /* TaskViewController.swift in Sources */,
				A0AF1C271F698DD40077A336 /* AppDelegate.swift in Sources */,
				A00859CA1F6A8028005D3330 /* Default.swift in Sources */,
				A01476231F6AC83B0021C340 /* Tag.swift in Sources */,
				A0AF1C301F6994410077A336 /* UIViewController+MenuButton.swift in Sources */,
				A01476211F6AC46A0021C340 /* Task.swift in Sources */,
				A00859C81F6A8028005D3330 /* Category.swift in Sources */,
			);
			runOnlyForDeploymentPostprocessing = 0;
		};
		A0AF1BE41F69839A0077A336 /* Sources */ = {
			isa = PBXSourcesBuildPhase;
			buildActionMask = 2147483647;
			files = (
				A0AF1BED1F69839A0077A336 /* TeamworkTests.swift in Sources */,
			);
			runOnlyForDeploymentPostprocessing = 0;
		};
/* End PBXSourcesBuildPhase section */

/* Begin PBXTargetDependency section */
		A0AF1BEA1F69839A0077A336 /* PBXTargetDependency */ = {
			isa = PBXTargetDependency;
			target = A0AF1BD31F69839A0077A336 /* Teamwork */;
			targetProxy = A0AF1BE91F69839A0077A336 /* PBXContainerItemProxy */;
		};
/* End PBXTargetDependency section */

/* Begin PBXVariantGroup section */
		A0AF1C1D1F698DD40077A336 /* LaunchScreen.storyboard */ = {
			isa = PBXVariantGroup;
			children = (
				A0AF1C1E1F698DD40077A336 /* Base */,
			);
			name = LaunchScreen.storyboard;
			sourceTree = "<group>";
		};
		A0AF1C1F1F698DD40077A336 /* Main.storyboard */ = {
			isa = PBXVariantGroup;
			children = (
				A0AF1C201F698DD40077A336 /* Base */,
			);
			name = Main.storyboard;
			sourceTree = "<group>";
		};
/* End PBXVariantGroup section */

/* Begin XCBuildConfiguration section */
		A0AF1BEF1F69839A0077A336 /* Debug */ = {
			isa = XCBuildConfiguration;
			buildSettings = {
				ALWAYS_SEARCH_USER_PATHS = NO;
				CLANG_ANALYZER_NONNULL = YES;
				CLANG_ANALYZER_NUMBER_OBJECT_CONVERSION = YES_AGGRESSIVE;
				CLANG_CXX_LANGUAGE_STANDARD = "gnu++0x";
				CLANG_CXX_LIBRARY = "libc++";
				CLANG_ENABLE_MODULES = YES;
				CLANG_ENABLE_OBJC_ARC = YES;
				CLANG_WARN_BOOL_CONVERSION = YES;
				CLANG_WARN_CONSTANT_CONVERSION = YES;
				CLANG_WARN_DIRECT_OBJC_ISA_USAGE = YES_ERROR;
				CLANG_WARN_DOCUMENTATION_COMMENTS = YES;
				CLANG_WARN_EMPTY_BODY = YES;
				CLANG_WARN_ENUM_CONVERSION = YES;
				CLANG_WARN_INFINITE_RECURSION = YES;
				CLANG_WARN_INT_CONVERSION = YES;
				CLANG_WARN_OBJC_ROOT_CLASS = YES_ERROR;
				CLANG_WARN_SUSPICIOUS_MOVE = YES;
				CLANG_WARN_UNREACHABLE_CODE = YES;
				CLANG_WARN__DUPLICATE_METHOD_MATCH = YES;
				"CODE_SIGN_IDENTITY[sdk=iphoneos*]" = "iPhone Developer";
				COPY_PHASE_STRIP = NO;
				DEBUG_INFORMATION_FORMAT = dwarf;
				ENABLE_STRICT_OBJC_MSGSEND = YES;
				ENABLE_TESTABILITY = YES;
				GCC_C_LANGUAGE_STANDARD = gnu99;
				GCC_DYNAMIC_NO_PIC = NO;
				GCC_NO_COMMON_BLOCKS = YES;
				GCC_OPTIMIZATION_LEVEL = 0;
				GCC_PREPROCESSOR_DEFINITIONS = (
					"DEBUG=1",
					"$(inherited)",
				);
				GCC_WARN_64_TO_32_BIT_CONVERSION = YES;
				GCC_WARN_ABOUT_RETURN_TYPE = YES_ERROR;
				GCC_WARN_UNDECLARED_SELECTOR = YES;
				GCC_WARN_UNINITIALIZED_AUTOS = YES_AGGRESSIVE;
				GCC_WARN_UNUSED_FUNCTION = YES;
				GCC_WARN_UNUSED_VARIABLE = YES;
				IPHONEOS_DEPLOYMENT_TARGET = 10.3;
				MTL_ENABLE_DEBUG_INFO = YES;
				ONLY_ACTIVE_ARCH = YES;
				SDKROOT = iphoneos;
				SWIFT_ACTIVE_COMPILATION_CONDITIONS = DEBUG;
				SWIFT_OPTIMIZATION_LEVEL = "-Onone";
			};
			name = Debug;
		};
		A0AF1BF01F69839A0077A336 /* Release */ = {
			isa = XCBuildConfiguration;
			buildSettings = {
				ALWAYS_SEARCH_USER_PATHS = NO;
				CLANG_ANALYZER_NONNULL = YES;
				CLANG_ANALYZER_NUMBER_OBJECT_CONVERSION = YES_AGGRESSIVE;
				CLANG_CXX_LANGUAGE_STANDARD = "gnu++0x";
				CLANG_CXX_LIBRARY = "libc++";
				CLANG_ENABLE_MODULES = YES;
				CLANG_ENABLE_OBJC_ARC = YES;
				CLANG_WARN_BOOL_CONVERSION = YES;
				CLANG_WARN_CONSTANT_CONVERSION = YES;
				CLANG_WARN_DIRECT_OBJC_ISA_USAGE = YES_ERROR;
				CLANG_WARN_DOCUMENTATION_COMMENTS = YES;
				CLANG_WARN_EMPTY_BODY = YES;
				CLANG_WARN_ENUM_CONVERSION = YES;
				CLANG_WARN_INFINITE_RECURSION = YES;
				CLANG_WARN_INT_CONVERSION = YES;
				CLANG_WARN_OBJC_ROOT_CLASS = YES_ERROR;
				CLANG_WARN_SUSPICIOUS_MOVE = YES;
				CLANG_WARN_UNREACHABLE_CODE = YES;
				CLANG_WARN__DUPLICATE_METHOD_MATCH = YES;
				"CODE_SIGN_IDENTITY[sdk=iphoneos*]" = "iPhone Developer";
				COPY_PHASE_STRIP = NO;
				DEBUG_INFORMATION_FORMAT = "dwarf-with-dsym";
				ENABLE_NS_ASSERTIONS = NO;
				ENABLE_STRICT_OBJC_MSGSEND = YES;
				GCC_C_LANGUAGE_STANDARD = gnu99;
				GCC_NO_COMMON_BLOCKS = YES;
				GCC_WARN_64_TO_32_BIT_CONVERSION = YES;
				GCC_WARN_ABOUT_RETURN_TYPE = YES_ERROR;
				GCC_WARN_UNDECLARED_SELECTOR = YES;
				GCC_WARN_UNINITIALIZED_AUTOS = YES_AGGRESSIVE;
				GCC_WARN_UNUSED_FUNCTION = YES;
				GCC_WARN_UNUSED_VARIABLE = YES;
				IPHONEOS_DEPLOYMENT_TARGET = 10.3;
				MTL_ENABLE_DEBUG_INFO = NO;
				SDKROOT = iphoneos;
				SWIFT_OPTIMIZATION_LEVEL = "-Owholemodule";
				VALIDATE_PRODUCT = YES;
			};
			name = Release;
		};
		A0AF1BF21F69839A0077A336 /* Debug */ = {
			isa = XCBuildConfiguration;
			baseConfigurationReference = 96E4702E4A1663632327E573 /* Pods-Teamwork.debug.xcconfig */;
			buildSettings = {
				ASSETCATALOG_COMPILER_APPICON_NAME = AppIcon;
				DEVELOPMENT_TEAM = 6CG326ELR9;
				INFOPLIST_FILE = Teamwork/Info.plist;
				LD_RUNPATH_SEARCH_PATHS = "$(inherited) @executable_path/Frameworks";
				PRODUCT_BUNDLE_IDENTIFIER = ie.siriuscode.Teamwork;
				PRODUCT_NAME = "$(TARGET_NAME)";
				SWIFT_VERSION = 3.0;
			};
			name = Debug;
		};
		A0AF1BF31F69839A0077A336 /* Release */ = {
			isa = XCBuildConfiguration;
			baseConfigurationReference = E2A8BB7AB248902B4ACBFD96 /* Pods-Teamwork.release.xcconfig */;
			buildSettings = {
				ASSETCATALOG_COMPILER_APPICON_NAME = AppIcon;
				DEVELOPMENT_TEAM = 6CG326ELR9;
				INFOPLIST_FILE = Teamwork/Info.plist;
				LD_RUNPATH_SEARCH_PATHS = "$(inherited) @executable_path/Frameworks";
				PRODUCT_BUNDLE_IDENTIFIER = ie.siriuscode.Teamwork;
				PRODUCT_NAME = "$(TARGET_NAME)";
				SWIFT_VERSION = 3.0;
			};
			name = Release;
		};
		A0AF1BF51F69839A0077A336 /* Debug */ = {
			isa = XCBuildConfiguration;
			baseConfigurationReference = 05C69BBB5545E92CCE5AD0BF /* Pods-TeamworkTests.debug.xcconfig */;
			buildSettings = {
				ALWAYS_EMBED_SWIFT_STANDARD_LIBRARIES = YES;
				BUNDLE_LOADER = "$(TEST_HOST)";
				DEVELOPMENT_TEAM = 6CG326ELR9;
				INFOPLIST_FILE = TeamworkTests/Info.plist;
				LD_RUNPATH_SEARCH_PATHS = "$(inherited) @executable_path/Frameworks @loader_path/Frameworks";
				PRODUCT_BUNDLE_IDENTIFIER = ie.siriuscode.TeamworkTests;
				PRODUCT_NAME = "$(TARGET_NAME)";
				SWIFT_VERSION = 3.0;
				TEST_HOST = "$(BUILT_PRODUCTS_DIR)/Teamwork.app/Teamwork";
			};
			name = Debug;
		};
		A0AF1BF61F69839A0077A336 /* Release */ = {
			isa = XCBuildConfiguration;
			baseConfigurationReference = D13BB97B7C0FF79C60B5C9BC /* Pods-TeamworkTests.release.xcconfig */;
			buildSettings = {
				ALWAYS_EMBED_SWIFT_STANDARD_LIBRARIES = YES;
				BUNDLE_LOADER = "$(TEST_HOST)";
				DEVELOPMENT_TEAM = 6CG326ELR9;
				INFOPLIST_FILE = TeamworkTests/Info.plist;
				LD_RUNPATH_SEARCH_PATHS = "$(inherited) @executable_path/Frameworks @loader_path/Frameworks";
				PRODUCT_BUNDLE_IDENTIFIER = ie.siriuscode.TeamworkTests;
				PRODUCT_NAME = "$(TARGET_NAME)";
				SWIFT_VERSION = 3.0;
				TEST_HOST = "$(BUILT_PRODUCTS_DIR)/Teamwork.app/Teamwork";
			};
			name = Release;
		};
/* End XCBuildConfiguration section */

/* Begin XCConfigurationList section */
		A0AF1BCF1F69839A0077A336 /* Build configuration list for PBXProject "Teamwork" */ = {
			isa = XCConfigurationList;
			buildConfigurations = (
				A0AF1BEF1F69839A0077A336 /* Debug */,
				A0AF1BF01F69839A0077A336 /* Release */,
			);
			defaultConfigurationIsVisible = 0;
			defaultConfigurationName = Release;
		};
		A0AF1BF11F69839A0077A336 /* Build configuration list for PBXNativeTarget "Teamwork" */ = {
			isa = XCConfigurationList;
			buildConfigurations = (
				A0AF1BF21F69839A0077A336 /* Debug */,
				A0AF1BF31F69839A0077A336 /* Release */,
			);
			defaultConfigurationIsVisible = 0;
			defaultConfigurationName = Release;
		};
		A0AF1BF41F69839A0077A336 /* Build configuration list for PBXNativeTarget "TeamworkTests" */ = {
			isa = XCConfigurationList;
			buildConfigurations = (
				A0AF1BF51F69839A0077A336 /* Debug */,
				A0AF1BF61F69839A0077A336 /* Release */,
			);
			defaultConfigurationIsVisible = 0;
			defaultConfigurationName = Release;
		};
/* End XCConfigurationList section */
	};
	rootObject = A0AF1BCC1F69839A0077A336 /* Project object */;
}
